{
    "version": "v0.0.10_4",
    "lockfileVersion": 1,
    "requires": true,
    "dependencies": {
        "@lucky-canvas/uni": {
            "version": "0.0.13",
            "resolved": "https://registry.npmmirror.com/@lucky-canvas/uni/-/uni-0.0.13.tgz",
            "integrity": "sha512-rtudKkWgGY+Uj+1xvZJqbQ/NMGGvge/os0cypj12EO6RK8ZX0NKVR97SxEsFG7mn96cDn96tCg12MwmYQHkB9g==",
            "requires": {
                "lucky-canvas": "~1.7.19"
            }
        },
        "lucky-canvas": {
            "version": "1.7.27",
            "resolved": "https://registry.npmmirror.com/lucky-canvas/-/lucky-canvas-1.7.27.tgz",
            "integrity": "sha512-Ftz6qD+863bI7xijBmZg3dw3cNEc7odPr70EZQcGA14y3TgTAzH65HPosOCd6kKUlMwhntBaHMx3onoj9MtJRQ=="
        }
    }
}
